
Microsoft Visual Studio Solution File, Format Version 12.00
# Visual Studio 14
VisualStudioVersion = 14.0.25123.0
MinimumVisualStudioVersion = 10.0.40219.1
Project("{FAE04EC0-301F-11D3-BF4B-00C04F79EFBC}") = "ToolBoxConsole", "CompMatrixConsole\ToolBoxConsole.csproj", "{A7A5B3A4-7951-484C-BB97-0636B3054EF8}"
EndProject
Project("{2150E333-8FDC-42A3-9474-1A3956D46DE8}") = "Desktop", "Desktop", "{C2C90040-BB3B-407D-A01C-AF5733017581}"
EndProject
Project("{FAE04EC0-301F-11D3-BF4B-00C04F79EFBC}") = "ToolBox.Shell", "Desktop\CompMatrix.Shell\ToolBox.Shell.csproj", "{957FE268-1CDA-49DF-B1A0-8D5C10B0F389}"
EndProject
Project("{FAE04EC0-301F-11D3-BF4B-00C04F79EFBC}") = "ToolBox.Common", "Desktop\CompMatrix.Common\ToolBox.Common.csproj", "{C57E7381-FCD3-4401-B02B-12122C894015}"
EndProject
Project("{FAE04EC0-301F-11D3-BF4B-00C04F79EFBC}") = "ToolBox.Excel", "Desktop\CompMatrix.Excel\ToolBox.Excel.csproj", "{78DC13A1-B2AC-4F97-9A2C-1A8B3D18BD61}"
EndProject
Project("{FAE04EC0-301F-11D3-BF4B-00C04F79EFBC}") = "ToolBox.Dashboard", "Desktop\CompMatrix.Dashboard\ToolBox.Dashboard.csproj", "{C1917F0B-DD48-4CE0-8A26-CD2ED81BD94F}"
EndProject
Global
	GlobalSection(SolutionConfigurationPlatforms) = preSolution
		Debug|Any CPU = Debug|Any CPU
		Release|Any CPU = Release|Any CPU
	EndGlobalSection
	GlobalSection(ProjectConfigurationPlatforms) = postSolution
		{A7A5B3A4-7951-484C-BB97-0636B3054EF8}.Debug|Any CPU.ActiveCfg = Debug|Any CPU
		{A7A5B3A4-7951-484C-BB97-0636B3054EF8}.Debug|Any CPU.Build.0 = Debug|Any CPU
		{A7A5B3A4-7951-484C-BB97-0636B3054EF8}.Release|Any CPU.ActiveCfg = Release|Any CPU
		{A7A5B3A4-7951-484C-BB97-0636B3054EF8}.Release|Any CPU.Build.0 = Release|Any CPU
		{957FE268-1CDA-49DF-B1A0-8D5C10B0F389}.Debug|Any CPU.ActiveCfg = Debug|Any CPU
		{957FE268-1CDA-49DF-B1A0-8D5C10B0F389}.Debug|Any CPU.Build.0 = Debug|Any CPU
		{957FE268-1CDA-49DF-B1A0-8D5C10B0F389}.Release|Any CPU.ActiveCfg = Release|Any CPU
		{957FE268-1CDA-49DF-B1A0-8D5C10B0F389}.Release|Any CPU.Build.0 = Release|Any CPU
		{C57E7381-FCD3-4401-B02B-12122C894015}.Debug|Any CPU.ActiveCfg = Debug|Any CPU
		{C57E7381-FCD3-4401-B02B-12122C894015}.Debug|Any CPU.Build.0 = Debug|Any CPU
		{C57E7381-FCD3-4401-B02B-12122C894015}.Release|Any CPU.ActiveCfg = Release|Any CPU
		{C57E7381-FCD3-4401-B02B-12122C894015}.Release|Any CPU.Build.0 = Release|Any CPU
		{78DC13A1-B2AC-4F97-9A2C-1A8B3D18BD61}.Debug|Any CPU.ActiveCfg = Debug|Any CPU
		{78DC13A1-B2AC-4F97-9A2C-1A8B3D18BD61}.Debug|Any CPU.Build.0 = Debug|Any CPU
		{78DC13A1-B2AC-4F97-9A2C-1A8B3D18BD61}.Release|Any CPU.ActiveCfg = Release|Any CPU
		{78DC13A1-B2AC-4F97-9A2C-1A8B3D18BD61}.Release|Any CPU.Build.0 = Release|Any CPU
		{C1917F0B-DD48-4CE0-8A26-CD2ED81BD94F}.Debug|Any CPU.ActiveCfg = Debug|Any CPU
		{C1917F0B-DD48-4CE0-8A26-CD2ED81BD94F}.Debug|Any CPU.Build.0 = Debug|Any CPU
		{C1917F0B-DD48-4CE0-8A26-CD2ED81BD94F}.Release|Any CPU.ActiveCfg = Release|Any CPU
		{C1917F0B-DD48-4CE0-8A26-CD2ED81BD94F}.Release|Any CPU.Build.0 = Release|Any CPU
	EndGlobalSection
	GlobalSection(SolutionProperties) = preSolution
		HideSolutionNode = FALSE
	EndGlobalSection
	GlobalSection(NestedProjects) = preSolution
		{957FE268-1CDA-49DF-B1A0-8D5C10B0F389} = {C2C90040-BB3B-407D-A01C-AF5733017581}
		{C57E7381-FCD3-4401-B02B-12122C894015} = {C2C90040-BB3B-407D-A01C-AF5733017581}
		{78DC13A1-B2AC-4F97-9A2C-1A8B3D18BD61} = {C2C90040-BB3B-407D-A01C-AF5733017581}
		{C1917F0B-DD48-4CE0-8A26-CD2ED81BD94F} = {C2C90040-BB3B-407D-A01C-AF5733017581}
	EndGlobalSection
EndGlobal
