
Microsoft Visual Studio Solution File, Format Version 12.00
# Visual Studio 14
VisualStudioVersion = 14.0.24720.0
MinimumVisualStudioVersion = 10.0.40219.1
Project("{FAE04EC0-301F-11D3-BF4B-00C04F79EFBC}") = "ToolBoxConsole", "ToolBoxConsole\ToolBoxConsole.csproj", "{A7A5B3A4-7951-484C-BB97-0636B3054EF8}"
EndProject
Project("{2150E333-8FDC-42A3-9474-1A3956D46DE8}") = "Desktop", "Desktop", "{C2C90040-BB3B-407D-A01C-AF5733017581}"
EndProject
Project("{FAE04EC0-301F-11D3-BF4B-00C04F79EFBC}") = "ToolBox.Shell", "Desktop\ToolBox.Shell\ToolBox.Shell.csproj", "{957FE268-1CDA-49DF-B1A0-8D5C10B0F389}"
EndProject
Project("{FAE04EC0-301F-11D3-BF4B-00C04F79EFBC}") = "ToolBox.Common", "Desktop\ToolBox.Common\ToolBox.Common.csproj", "{C57E7381-FCD3-4401-B02B-12122C894015}"
EndProject
Project("{FAE04EC0-301F-11D3-BF4B-00C04F79EFBC}") = "ToolBox.COE", "Desktop\ToolBox.Excel\ToolBox.COE.csproj", "{78DC13A1-B2AC-4F97-9A2C-1A8B3D18BD61}"
EndProject
Project("{FAE04EC0-301F-11D3-BF4B-00C04F79EFBC}") = "ToolBox.Dashboard", "Desktop\ToolBox.Dashboard\ToolBox.Dashboard.csproj", "{C1917F0B-DD48-4CE0-8A26-CD2ED81BD94F}"
EndProject
Project("{2150E333-8FDC-42A3-9474-1A3956D46DE8}") = "Backbone", "Backbone", "{71188478-5869-486C-814E-103E3573E20A}"
EndProject
Project("{FAE04EC0-301F-11D3-BF4B-00C04F79EFBC}") = "ToolBox.Backbone.Tool", "Desktop\Toolbox.Backbone.Tool\ToolBox.Backbone.Tool.csproj", "{CF455F96-B980-4B4F-B9A8-A2C61BD2B85A}"
EndProject
Project("{FAE04EC0-301F-11D3-BF4B-00C04F79EFBC}") = "Backbone.Common", "Desktop\Backbone.Common\Backbone.Common.csproj", "{9A5B9E75-1BA1-461A-A53D-FCFA4F74E38D}"
EndProject
Project("{FAE04EC0-301F-11D3-BF4B-00C04F79EFBC}") = "Backbone.Common.UI", "Desktop\Backbone.UI\Backbone.Common.UI.csproj", "{9C6BA75C-EBE8-49D3-BEDB-DD11B196E48A}"
EndProject
Project("{FAE04EC0-301F-11D3-BF4B-00C04F79EFBC}") = "ToolBox.ConsoleTool", "Desktop\ToolBox.Console.Tool\ToolBox.ConsoleTool.csproj", "{91FBB746-B664-40B6-A54D-3CA554FD41A4}"
EndProject
Project("{FAE04EC0-301F-11D3-BF4B-00C04F79EFBC}") = "ToolBox.DataAccess", "Desktop\ToolBox.DataAccess\ToolBox.DataAccess.csproj", "{E4192EBD-EDEE-4613-B422-E8FAE1C8E7B4}"
EndProject
Project("{2150E333-8FDC-42A3-9474-1A3956D46DE8}") = "Test", "Test", "{EC27F1A3-EF7D-4113-97AF-2CBCC4B2B11B}"
EndProject
Project("{FAE04EC0-301F-11D3-BF4B-00C04F79EFBC}") = "ToolBox.Test", "Test\ToolBox.Test\ToolBox.Test.csproj", "{029D4536-211C-4BE8-87D9-F6A1BFB581D9}"
EndProject
Project("{FAE04EC0-301F-11D3-BF4B-00C04F79EFBC}") = "ToolBox.Models", "Desktop\ToolBox.Models\ToolBox.Models.csproj", "{F77C6B3C-E7D2-4920-95FE-A5E0CDF780F3}"
EndProject
Global
	GlobalSection(SolutionConfigurationPlatforms) = preSolution
		Debug|Any CPU = Debug|Any CPU
		Release|Any CPU = Release|Any CPU
	EndGlobalSection
	GlobalSection(ProjectConfigurationPlatforms) = postSolution
		{A7A5B3A4-7951-484C-BB97-0636B3054EF8}.Debug|Any CPU.ActiveCfg = Debug|Any CPU
		{A7A5B3A4-7951-484C-BB97-0636B3054EF8}.Debug|Any CPU.Build.0 = Debug|Any CPU
		{A7A5B3A4-7951-484C-BB97-0636B3054EF8}.Release|Any CPU.ActiveCfg = Release|Any CPU
		{A7A5B3A4-7951-484C-BB97-0636B3054EF8}.Release|Any CPU.Build.0 = Release|Any CPU
		{957FE268-1CDA-49DF-B1A0-8D5C10B0F389}.Debug|Any CPU.ActiveCfg = Debug|Any CPU
		{957FE268-1CDA-49DF-B1A0-8D5C10B0F389}.Debug|Any CPU.Build.0 = Debug|Any CPU
		{957FE268-1CDA-49DF-B1A0-8D5C10B0F389}.Release|Any CPU.ActiveCfg = Release|Any CPU
		{957FE268-1CDA-49DF-B1A0-8D5C10B0F389}.Release|Any CPU.Build.0 = Release|Any CPU
		{C57E7381-FCD3-4401-B02B-12122C894015}.Debug|Any CPU.ActiveCfg = Debug|Any CPU
		{C57E7381-FCD3-4401-B02B-12122C894015}.Debug|Any CPU.Build.0 = Debug|Any CPU
		{C57E7381-FCD3-4401-B02B-12122C894015}.Release|Any CPU.ActiveCfg = Release|Any CPU
		{C57E7381-FCD3-4401-B02B-12122C894015}.Release|Any CPU.Build.0 = Release|Any CPU
		{78DC13A1-B2AC-4F97-9A2C-1A8B3D18BD61}.Debug|Any CPU.ActiveCfg = Debug|Any CPU
		{78DC13A1-B2AC-4F97-9A2C-1A8B3D18BD61}.Debug|Any CPU.Build.0 = Debug|Any CPU
		{78DC13A1-B2AC-4F97-9A2C-1A8B3D18BD61}.Release|Any CPU.ActiveCfg = Release|Any CPU
		{78DC13A1-B2AC-4F97-9A2C-1A8B3D18BD61}.Release|Any CPU.Build.0 = Release|Any CPU
		{C1917F0B-DD48-4CE0-8A26-CD2ED81BD94F}.Debug|Any CPU.ActiveCfg = Debug|Any CPU
		{C1917F0B-DD48-4CE0-8A26-CD2ED81BD94F}.Debug|Any CPU.Build.0 = Debug|Any CPU
		{C1917F0B-DD48-4CE0-8A26-CD2ED81BD94F}.Release|Any CPU.ActiveCfg = Release|Any CPU
		{C1917F0B-DD48-4CE0-8A26-CD2ED81BD94F}.Release|Any CPU.Build.0 = Release|Any CPU
		{CF455F96-B980-4B4F-B9A8-A2C61BD2B85A}.Debug|Any CPU.ActiveCfg = Debug|Any CPU
		{CF455F96-B980-4B4F-B9A8-A2C61BD2B85A}.Debug|Any CPU.Build.0 = Debug|Any CPU
		{CF455F96-B980-4B4F-B9A8-A2C61BD2B85A}.Release|Any CPU.ActiveCfg = Release|Any CPU
		{CF455F96-B980-4B4F-B9A8-A2C61BD2B85A}.Release|Any CPU.Build.0 = Release|Any CPU
		{9A5B9E75-1BA1-461A-A53D-FCFA4F74E38D}.Debug|Any CPU.ActiveCfg = Debug|Any CPU
		{9A5B9E75-1BA1-461A-A53D-FCFA4F74E38D}.Debug|Any CPU.Build.0 = Debug|Any CPU
		{9A5B9E75-1BA1-461A-A53D-FCFA4F74E38D}.Release|Any CPU.ActiveCfg = Release|Any CPU
		{9A5B9E75-1BA1-461A-A53D-FCFA4F74E38D}.Release|Any CPU.Build.0 = Release|Any CPU
		{9C6BA75C-EBE8-49D3-BEDB-DD11B196E48A}.Debug|Any CPU.ActiveCfg = Debug|Any CPU
		{9C6BA75C-EBE8-49D3-BEDB-DD11B196E48A}.Debug|Any CPU.Build.0 = Debug|Any CPU
		{9C6BA75C-EBE8-49D3-BEDB-DD11B196E48A}.Release|Any CPU.ActiveCfg = Release|Any CPU
		{9C6BA75C-EBE8-49D3-BEDB-DD11B196E48A}.Release|Any CPU.Build.0 = Release|Any CPU
		{91FBB746-B664-40B6-A54D-3CA554FD41A4}.Debug|Any CPU.ActiveCfg = Debug|Any CPU
		{91FBB746-B664-40B6-A54D-3CA554FD41A4}.Debug|Any CPU.Build.0 = Debug|Any CPU
		{91FBB746-B664-40B6-A54D-3CA554FD41A4}.Release|Any CPU.ActiveCfg = Release|Any CPU
		{91FBB746-B664-40B6-A54D-3CA554FD41A4}.Release|Any CPU.Build.0 = Release|Any CPU
		{E4192EBD-EDEE-4613-B422-E8FAE1C8E7B4}.Debug|Any CPU.ActiveCfg = Debug|Any CPU
		{E4192EBD-EDEE-4613-B422-E8FAE1C8E7B4}.Debug|Any CPU.Build.0 = Debug|Any CPU
		{E4192EBD-EDEE-4613-B422-E8FAE1C8E7B4}.Release|Any CPU.ActiveCfg = Release|Any CPU
		{E4192EBD-EDEE-4613-B422-E8FAE1C8E7B4}.Release|Any CPU.Build.0 = Release|Any CPU
		{029D4536-211C-4BE8-87D9-F6A1BFB581D9}.Debug|Any CPU.ActiveCfg = Debug|Any CPU
		{029D4536-211C-4BE8-87D9-F6A1BFB581D9}.Debug|Any CPU.Build.0 = Debug|Any CPU
		{029D4536-211C-4BE8-87D9-F6A1BFB581D9}.Release|Any CPU.ActiveCfg = Release|Any CPU
		{029D4536-211C-4BE8-87D9-F6A1BFB581D9}.Release|Any CPU.Build.0 = Release|Any CPU
		{F77C6B3C-E7D2-4920-95FE-A5E0CDF780F3}.Debug|Any CPU.ActiveCfg = Debug|Any CPU
		{F77C6B3C-E7D2-4920-95FE-A5E0CDF780F3}.Debug|Any CPU.Build.0 = Debug|Any CPU
		{F77C6B3C-E7D2-4920-95FE-A5E0CDF780F3}.Release|Any CPU.ActiveCfg = Release|Any CPU
		{F77C6B3C-E7D2-4920-95FE-A5E0CDF780F3}.Release|Any CPU.Build.0 = Release|Any CPU
	EndGlobalSection
	GlobalSection(SolutionProperties) = preSolution
		HideSolutionNode = FALSE
	EndGlobalSection
	GlobalSection(NestedProjects) = preSolution
		{957FE268-1CDA-49DF-B1A0-8D5C10B0F389} = {C2C90040-BB3B-407D-A01C-AF5733017581}
		{C57E7381-FCD3-4401-B02B-12122C894015} = {C2C90040-BB3B-407D-A01C-AF5733017581}
		{78DC13A1-B2AC-4F97-9A2C-1A8B3D18BD61} = {C2C90040-BB3B-407D-A01C-AF5733017581}
		{C1917F0B-DD48-4CE0-8A26-CD2ED81BD94F} = {C2C90040-BB3B-407D-A01C-AF5733017581}
		{CF455F96-B980-4B4F-B9A8-A2C61BD2B85A} = {C2C90040-BB3B-407D-A01C-AF5733017581}
		{9A5B9E75-1BA1-461A-A53D-FCFA4F74E38D} = {71188478-5869-486C-814E-103E3573E20A}
		{9C6BA75C-EBE8-49D3-BEDB-DD11B196E48A} = {71188478-5869-486C-814E-103E3573E20A}
		{91FBB746-B664-40B6-A54D-3CA554FD41A4} = {C2C90040-BB3B-407D-A01C-AF5733017581}
		{E4192EBD-EDEE-4613-B422-E8FAE1C8E7B4} = {C2C90040-BB3B-407D-A01C-AF5733017581}
		{029D4536-211C-4BE8-87D9-F6A1BFB581D9} = {EC27F1A3-EF7D-4113-97AF-2CBCC4B2B11B}
		{F77C6B3C-E7D2-4920-95FE-A5E0CDF780F3} = {C2C90040-BB3B-407D-A01C-AF5733017581}
	EndGlobalSection
EndGlobal
